// !$*UTF8*$!
{
	archiveVersion = 1;
	classes = {
	};
	objectVersion = 55;
	objects = {

/* Begin PBXBuildFile section */
		F12CEDC52756833F00D4E751 /* LaunchScreen.storyboard in Resources */ = {isa = PBXBuildFile; fileRef = F12CEDB92756833F00D4E751 /* LaunchScreen.storyboard */; };
		F12CEDC62756833F00D4E751 /* Main.storyboard in Resources */ = {isa = PBXBuildFile; fileRef = F12CEDBB2756833F00D4E751 /* Main.storyboard */; };
		F12CEDC72756833F00D4E751 /* Assets.xcassets in Resources */ = {isa = PBXBuildFile; fileRef = F12CEDBE2756833F00D4E751 /* Assets.xcassets */; };
		F12CEDC92756833F00D4E751 /* AppDelegate.swift in Sources */ = {isa = PBXBuildFile; fileRef = F12CEDC12756833F00D4E751 /* AppDelegate.swift */; };
		F12CEDCA2756833F00D4E751 /* SceneDelegate.swift in Sources */ = {isa = PBXBuildFile; fileRef = F12CEDC22756833F00D4E751 /* SceneDelegate.swift */; };
		F1A2D6E02767912A003F8E6F /* BluetoothController.swift in Sources */ = {isa = PBXBuildFile; fileRef = F1A2D6DD2767912A003F8E6F /* BluetoothController.swift */; };
		F1A2D6E92767929E003F8E6F /* BluetoothCell.swift in Sources */ = {isa = PBXBuildFile; fileRef = F1A2D6E72767929E003F8E6F /* BluetoothCell.swift */; };
		F1A2D6EA2767929E003F8E6F /* BluetoothCell.xib in Resources */ = {isa = PBXBuildFile; fileRef = F1A2D6E82767929E003F8E6F /* BluetoothCell.xib */; };
		F1A2D6EC276792C3003F8E6F /* BluetoothTableView.swift in Sources */ = {isa = PBXBuildFile; fileRef = F1A2D6EB276792C3003F8E6F /* BluetoothTableView.swift */; };
		F1A2D6EE2767A890003F8E6F /* BluetoothModel.swift in Sources */ = {isa = PBXBuildFile; fileRef = F1A2D6ED2767A890003F8E6F /* BluetoothModel.swift */; };
		F1B041972757D31D005957FD /* DSBluetooth.framework in Frameworks */ = {isa = PBXBuildFile; fileRef = F12CEDD4275684B200D4E751 /* DSBluetooth.framework */; };
		F1B041982757D31D005957FD /* DSBluetooth.framework in Embed Frameworks */ = {isa = PBXBuildFile; fileRef = F12CEDD4275684B200D4E751 /* DSBluetooth.framework */; settings = {ATTRIBUTES = (CodeSignOnCopy, RemoveHeadersOnCopy, ); }; };
/* End PBXBuildFile section */

/* Begin PBXContainerItemProxy section */
		F12CEDD3275684B200D4E751 /* PBXContainerItemProxy */ = {
			isa = PBXContainerItemProxy;
			containerPortal = F12CEDCE275684B200D4E751 /* DSBluetooth.xcodeproj */;
			proxyType = 2;
			remoteGlobalIDString = F1C61CBD27567E3600EA6AB6;
			remoteInfo = DSBluetooth;
		};
		F12CEDD5275684B200D4E751 /* PBXContainerItemProxy */ = {
			isa = PBXContainerItemProxy;
			containerPortal = F12CEDCE275684B200D4E751 /* DSBluetooth.xcodeproj */;
			proxyType = 2;
			remoteGlobalIDString = F1C61CC427567E3700EA6AB6;
			remoteInfo = DSBluetoothTests;
		};
/* End PBXContainerItemProxy section */

/* Begin PBXCopyFilesBuildPhase section */
		F1B041992757D31D005957FD /* Embed Frameworks */ = {
			isa = PBXCopyFilesBuildPhase;
			buildActionMask = 2147483647;
			dstPath = "";
			dstSubfolderSpec = 10;
			files = (
				F1B041982757D31D005957FD /* DSBluetooth.framework in Embed Frameworks */,
			);
			name = "Embed Frameworks";
			runOnlyForDeploymentPostprocessing = 0;
		};
/* End PBXCopyFilesBuildPhase section */

/* Begin PBXFileReference section */
		F12CEDBA2756833F00D4E751 /* Base */ = {isa = PBXFileReference; lastKnownFileType = file.storyboard; name = Base; path = Base.lproj/LaunchScreen.storyboard; sourceTree = "<group>"; };
		F12CEDBC2756833F00D4E751 /* Base */ = {isa = PBXFileReference; lastKnownFileType = file.storyboard; name = Base; path = Base.lproj/Main.storyboard; sourceTree = "<group>"; };
		F12CEDBE2756833F00D4E751 /* Assets.xcassets */ = {isa = PBXFileReference; lastKnownFileType = folder.assetcatalog; path = Assets.xcassets; sourceTree = "<group>"; };
		F12CEDBF2756833F00D4E751 /* Info.plist */ = {isa = PBXFileReference; fileEncoding = 4; lastKnownFileType = text.plist.xml; path = Info.plist; sourceTree = "<group>"; };
		F12CEDC12756833F00D4E751 /* AppDelegate.swift */ = {isa = PBXFileReference; fileEncoding = 4; lastKnownFileType = sourcecode.swift; path = AppDelegate.swift; sourceTree = "<group>"; };
		F12CEDC22756833F00D4E751 /* SceneDelegate.swift */ = {isa = PBXFileReference; fileEncoding = 4; lastKnownFileType = sourcecode.swift; path = SceneDelegate.swift; sourceTree = "<group>"; };
		F12CEDCE275684B200D4E751 /* DSBluetooth.xcodeproj */ = {isa = PBXFileReference; lastKnownFileType = "wrapper.pb-project"; name = DSBluetooth.xcodeproj; path = ../DSBluetooth.xcodeproj; sourceTree = "<group>"; };
		F1A2D6DD2767912A003F8E6F /* BluetoothController.swift */ = {isa = PBXFileReference; fileEncoding = 4; lastKnownFileType = sourcecode.swift; path = BluetoothController.swift; sourceTree = "<group>"; };
		F1A2D6E72767929E003F8E6F /* BluetoothCell.swift */ = {isa = PBXFileReference; lastKnownFileType = sourcecode.swift; path = BluetoothCell.swift; sourceTree = "<group>"; };
		F1A2D6E82767929E003F8E6F /* BluetoothCell.xib */ = {isa = PBXFileReference; lastKnownFileType = file.xib; path = BluetoothCell.xib; sourceTree = "<group>"; };
		F1A2D6EB276792C3003F8E6F /* BluetoothTableView.swift */ = {isa = PBXFileReference; lastKnownFileType = sourcecode.swift; path = BluetoothTableView.swift; sourceTree = "<group>"; };
		F1A2D6ED2767A890003F8E6F /* BluetoothModel.swift */ = {isa = PBXFileReference; lastKnownFileType = sourcecode.swift; path = BluetoothModel.swift; sourceTree = "<group>"; };
		F1BEA18A275674AB00AB4C9E /* Example.app */ = {isa = PBXFileReference; explicitFileType = wrapper.application; includeInIndex = 0; path = Example.app; sourceTree = BUILT_PRODUCTS_DIR; };
/* End PBXFileReference section */

/* Begin PBXFrameworksBuildPhase section */
		F1BEA187275674AB00AB4C9E /* Frameworks */ = {
			isa = PBXFrameworksBuildPhase;
			buildActionMask = 2147483647;
			files = (
				F1B041972757D31D005957FD /* DSBluetooth.framework in Frameworks */,
			);
			runOnlyForDeploymentPostprocessing = 0;
		};
/* End PBXFrameworksBuildPhase section */

/* Begin PBXGroup section */
		F12CEDB72756833F00D4E751 /* Application */ = {
			isa = PBXGroup;
			children = (
				F12CEDC02756833F00D4E751 /* Main */,
				F12CEDBD2756833F00D4E751 /* Resource */,
				F12CEDB82756833F00D4E751 /* Storyboard */,
			);
			path = Application;
			sourceTree = "<group>";
		};
		F12CEDB82756833F00D4E751 /* Storyboard */ = {
			isa = PBXGroup;
			children = (
				F12CEDBB2756833F00D4E751 /* Main.storyboard */,
				F12CEDB92756833F00D4E751 /* LaunchScreen.storyboard */,
			);
			path = Storyboard;
			sourceTree = "<group>";
		};
		F12CEDBD2756833F00D4E751 /* Resource */ = {
			isa = PBXGroup;
			children = (
				F12CEDBF2756833F00D4E751 /* Info.plist */,
				F12CEDBE2756833F00D4E751 /* Assets.xcassets */,
			);
			path = Resource;
			sourceTree = "<group>";
		};
		F12CEDC02756833F00D4E751 /* Main */ = {
			isa = PBXGroup;
			children = (
				F12CEDC12756833F00D4E751 /* AppDelegate.swift */,
				F12CEDC22756833F00D4E751 /* SceneDelegate.swift */,
			);
			path = Main;
			sourceTree = "<group>";
		};
		F12CEDC32756833F00D4E751 /* Code */ = {
			isa = PBXGroup;
			children = (
				F1A2D6DC2767912A003F8E6F /* Controller */,
				F1A2D6DF2767912A003F8E6F /* Model */,
				F1A2D6DE2767912A003F8E6F /* View */,
			);
			path = Code;
			sourceTree = "<group>";
		};
		F12CEDCF275684B200D4E751 /* Products */ = {
			isa = PBXGroup;
			children = (
				F12CEDD4275684B200D4E751 /* DSBluetooth.framework */,
				F12CEDD6275684B200D4E751 /* DSBluetoothTests.xctest */,
			);
			name = Products;
			sourceTree = "<group>";
		};
		F12CEDD72756859800D4E751 /* Frameworks */ = {
			isa = PBXGroup;
			children = (
			);
			name = Frameworks;
			sourceTree = "<group>";
		};
		F1A2D6DC2767912A003F8E6F /* Controller */ = {
			isa = PBXGroup;
			children = (
				F1A2D6DD2767912A003F8E6F /* BluetoothController.swift */,
			);
			path = Controller;
			sourceTree = "<group>";
		};
		F1A2D6DE2767912A003F8E6F /* View */ = {
			isa = PBXGroup;
			children = (
				F1A2D6EB276792C3003F8E6F /* BluetoothTableView.swift */,
				F1A2D6E72767929E003F8E6F /* BluetoothCell.swift */,
				F1A2D6E82767929E003F8E6F /* BluetoothCell.xib */,
			);
			path = View;
			sourceTree = "<group>";
		};
		F1A2D6DF2767912A003F8E6F /* Model */ = {
			isa = PBXGroup;
			children = (
				F1A2D6ED2767A890003F8E6F /* BluetoothModel.swift */,
			);
			path = Model;
			sourceTree = "<group>";
		};
		F1BEA181275674AB00AB4C9E = {
			isa = PBXGroup;
			children = (
				F12CEDB72756833F00D4E751 /* Application */,
				F12CEDC32756833F00D4E751 /* Code */,
				F12CEDD72756859800D4E751 /* Frameworks */,
				F1BEA18B275674AB00AB4C9E /* Products */,
				F12CEDCE275684B200D4E751 /* DSBluetooth.xcodeproj */,
			);
			sourceTree = "<group>";
		};
		F1BEA18B275674AB00AB4C9E /* Products */ = {
			isa = PBXGroup;
			children = (
				F1BEA18A275674AB00AB4C9E /* Example.app */,
			);
			name = Products;
			sourceTree = "<group>";
		};
/* End PBXGroup section */

/* Begin PBXNativeTarget section */
		F1BEA189275674AB00AB4C9E /* Example */ = {
			isa = PBXNativeTarget;
			buildConfigurationList = F1BEA19E275674AC00AB4C9E /* Build configuration list for PBXNativeTarget "Example" */;
			buildPhases = (
				F1BEA186275674AB00AB4C9E /* Sources */,
				F1BEA187275674AB00AB4C9E /* Frameworks */,
				F1BEA188275674AB00AB4C9E /* Resources */,
				F1B041992757D31D005957FD /* Embed Frameworks */,
			);
			buildRules = (
			);
			dependencies = (
			);
			name = Example;
			productName = Example;
			productReference = F1BEA18A275674AB00AB4C9E /* Example.app */;
			productType = "com.apple.product-type.application";
		};
/* End PBXNativeTarget section */

/* Begin PBXProject section */
		F1BEA182275674AB00AB4C9E /* Project object */ = {
			isa = PBXProject;
			attributes = {
				BuildIndependentTargetsInParallel = 1;
				LastSwiftUpdateCheck = 1310;
				LastUpgradeCheck = 1310;
				TargetAttributes = {
					F1BEA189275674AB00AB4C9E = {
						CreatedOnToolsVersion = 13.1;
					};
				};
			};
			buildConfigurationList = F1BEA185275674AB00AB4C9E /* Build configuration list for PBXProject "Example" */;
			compatibilityVersion = "Xcode 13.0";
			developmentRegion = en;
			hasScannedForEncodings = 0;
			knownRegions = (
				en,
				Base,
			);
			mainGroup = F1BEA181275674AB00AB4C9E;
			productRefGroup = F1BEA18B275674AB00AB4C9E /* Products */;
			projectDirPath = "";
			projectReferences = (
				{
					ProductGroup = F12CEDCF275684B200D4E751 /* Products */;
					ProjectRef = F12CEDCE275684B200D4E751 /* DSBluetooth.xcodeproj */;
				},
			);
			projectRoot = "";
			targets = (
				F1BEA189275674AB00AB4C9E /* Example */,
			);
		};
/* End PBXProject section */

/* Begin PBXReferenceProxy section */
		F12CEDD4275684B200D4E751 /* DSBluetooth.framework */ = {
			isa = PBXReferenceProxy;
			fileType = wrapper.framework;
			path = DSBluetooth.framework;
			remoteRef = F12CEDD3275684B200D4E751 /* PBXContainerItemProxy */;
			sourceTree = BUILT_PRODUCTS_DIR;
		};
		F12CEDD6275684B200D4E751 /* DSBluetoothTests.xctest */ = {
			isa = PBXReferenceProxy;
			fileType = wrapper.cfbundle;
			path = DSBluetoothTests.xctest;
			remoteRef = F12CEDD5275684B200D4E751 /* PBXContainerItemProxy */;
			sourceTree = BUILT_PRODUCTS_DIR;
		};
/* End PBXReferenceProxy section */

/* Begin PBXResourcesBuildPhase section */
		F1BEA188275674AB00AB4C9E /* Resources */ = {
			isa = PBXResourcesBuildPhase;
			buildActionMask = 2147483647;
			files = (
				F1A2D6EA2767929E003F8E6F /* BluetoothCell.xib in Resources */,
				F12CEDC52756833F00D4E751 /* LaunchScreen.storyboard in Resources */,
				F12CEDC72756833F00D4E751 /* Assets.xcassets in Resources */,
				F12CEDC62756833F00D4E751 /* Main.storyboard in Resources */,
			);
			runOnlyForDeploymentPostprocessing = 0;
		};
/* End PBXResourcesBuildPhase section */

/* Begin PBXSourcesBuildPhase section */
		F1BEA186275674AB00AB4C9E /* Sources */ = {
			isa = PBXSourcesBuildPhase;
			buildActionMask = 2147483647;
			files = (
				F12CEDC92756833F00D4E751 /* AppDelegate.swift in Sources */,
				F1A2D6E02767912A003F8E6F /* BluetoothController.swift in Sources */,
				F1A2D6EE2767A890003F8E6F /* BluetoothModel.swift in Sources */,
				F1A2D6EC276792C3003F8E6F /* BluetoothTableView.swift in Sources */,
				F12CEDCA2756833F00D4E751 /* SceneDelegate.swift in Sources */,
				F1A2D6E92767929E003F8E6F /* BluetoothCell.swift in Sources */,
			);
			runOnlyForDeploymentPostprocessing = 0;
		};
/* End PBXSourcesBuildPhase section */

/* Begin PBXVariantGroup section */
		F12CEDB92756833F00D4E751 /* LaunchScreen.storyboard */ = {
			isa = PBXVariantGroup;
			children = (
				F12CEDBA2756833F00D4E751 /* Base */,
			);
			name = LaunchScreen.storyboard;
			sourceTree = "<group>";
		};
		F12CEDBB2756833F00D4E751 /* Main.storyboard */ = {
			isa = PBXVariantGroup;
			children = (
				F12CEDBC2756833F00D4E751 /* Base */,
			);
			name = Main.storyboard;
			sourceTree = "<group>";
		};
/* End PBXVariantGroup section */

/* Begin XCBuildConfiguration section */
		F1BEA19C275674AC00AB4C9E /* Debug */ = {
			isa = XCBuildConfiguration;
			buildSettings = {
				ALWAYS_SEARCH_USER_PATHS = NO;
				CLANG_ANALYZER_NONNULL = YES;
				CLANG_ANALYZER_NUMBER_OBJECT_CONVERSION = YES_AGGRESSIVE;
				CLANG_CXX_LANGUAGE_STANDARD = "gnu++17";
				CLANG_CXX_LIBRARY = "libc++";
				CLANG_ENABLE_MODULES = YES;
				CLANG_ENABLE_OBJC_ARC = YES;
				CLANG_ENABLE_OBJC_WEAK = YES;
				CLANG_WARN_BLOCK_CAPTURE_AUTORELEASING = YES;
				CLANG_WARN_BOOL_CONVERSION = YES;
				CLANG_WARN_COMMA = YES;
				CLANG_WARN_CONSTANT_CONVERSION = YES;
				CLANG_WARN_DEPRECATED_OBJC_IMPLEMENTATIONS = YES;
				CLANG_WARN_DIRECT_OBJC_ISA_USAGE = YES_ERROR;
				CLANG_WARN_DOCUMENTATION_COMMENTS = YES;
				CLANG_WARN_EMPTY_BODY = YES;
				CLANG_WARN_ENUM_CONVERSION = YES;
				CLANG_WARN_INFINITE_RECURSION = YES;
				CLANG_WARN_INT_CONVERSION = YES;
				CLANG_WARN_NON_LITERAL_NULL_CONVERSION = YES;
				CLANG_WARN_OBJC_IMPLICIT_RETAIN_SELF = YES;
				CLANG_WARN_OBJC_LITERAL_CONVERSION = YES;
				CLANG_WARN_OBJC_ROOT_CLASS = YES_ERROR;
				CLANG_WARN_QUOTED_INCLUDE_IN_FRAMEWORK_HEADER = YES;
				CLANG_WARN_RANGE_LOOP_ANALYSIS = YES;
				CLANG_WARN_STRICT_PROTOTYPES = YES;
				CLANG_WARN_SUSPICIOUS_MOVE = YES;
				CLANG_WARN_UNGUARDED_AVAILABILITY = YES_AGGRESSIVE;
				CLANG_WARN_UNREACHABLE_CODE = YES;
				CLANG_WARN__DUPLICATE_METHOD_MATCH = YES;
				COPY_PHASE_STRIP = NO;
				DEBUG_INFORMATION_FORMAT = dwarf;
				ENABLE_STRICT_OBJC_MSGSEND = YES;
				ENABLE_TESTABILITY = YES;
				GCC_C_LANGUAGE_STANDARD = gnu11;
				GCC_DYNAMIC_NO_PIC = NO;
				GCC_NO_COMMON_BLOCKS = YES;
				GCC_OPTIMIZATION_LEVEL = 0;
				GCC_PREPROCESSOR_DEFINITIONS = (
					"DEBUG=1",
					"$(inherited)",
				);
				GCC_WARN_64_TO_32_BIT_CONVERSION = YES;
				GCC_WARN_ABOUT_RETURN_TYPE = YES_ERROR;
				GCC_WARN_UNDECLARED_SELECTOR = YES;
				GCC_WARN_UNINITIALIZED_AUTOS = YES_AGGRESSIVE;
				GCC_WARN_UNUSED_FUNCTION = YES;
				GCC_WARN_UNUSED_VARIABLE = YES;
				IPHONEOS_DEPLOYMENT_TARGET = 15.0;
				MTL_ENABLE_DEBUG_INFO = INCLUDE_SOURCE;
				MTL_FAST_MATH = YES;
				ONLY_ACTIVE_ARCH = YES;
				SDKROOT = iphoneos;
				SWIFT_ACTIVE_COMPILATION_CONDITIONS = DEBUG;
				SWIFT_OPTIMIZATION_LEVEL = "-Onone";
			};
			name = Debug;
		};
		F1BEA19D275674AC00AB4C9E /* Release */ = {
			isa = XCBuildConfiguration;
			buildSettings = {
				ALWAYS_SEARCH_USER_PATHS = NO;
				CLANG_ANALYZER_NONNULL = YES;
				CLANG_ANALYZER_NUMBER_OBJECT_CONVERSION = YES_AGGRESSIVE;
				CLANG_CXX_LANGUAGE_STANDARD = "gnu++17";
				CLANG_CXX_LIBRARY = "libc++";
				CLANG_ENABLE_MODULES = YES;
				CLANG_ENABLE_OBJC_ARC = YES;
				CLANG_ENABLE_OBJC_WEAK = YES;
				CLANG_WARN_BLOCK_CAPTURE_AUTORELEASING = YES;
				CLANG_WARN_BOOL_CONVERSION = YES;
				CLANG_WARN_COMMA = YES;
				CLANG_WARN_CONSTANT_CONVERSION = YES;
				CLANG_WARN_DEPRECATED_OBJC_IMPLEMENTATIONS = YES;
				CLANG_WARN_DIRECT_OBJC_ISA_USAGE = YES_ERROR;
				CLANG_WARN_DOCUMENTATION_COMMENTS = YES;
				CLANG_WARN_EMPTY_BODY = YES;
				CLANG_WARN_ENUM_CONVERSION = YES;
				CLANG_WARN_INFINITE_RECURSION = YES;
				CLANG_WARN_INT_CONVERSION = YES;
				CLANG_WARN_NON_LITERAL_NULL_CONVERSION = YES;
				CLANG_WARN_OBJC_IMPLICIT_RETAIN_SELF = YES;
				CLANG_WARN_OBJC_LITERAL_CONVERSION = YES;
				CLANG_WARN_OBJC_ROOT_CLASS = YES_ERROR;
				CLANG_WARN_QUOTED_INCLUDE_IN_FRAMEWORK_HEADER = YES;
				CLANG_WARN_RANGE_LOOP_ANALYSIS = YES;
				CLANG_WARN_STRICT_PROTOTYPES = YES;
				CLANG_WARN_SUSPICIOUS_MOVE = YES;
				CLANG_WARN_UNGUARDED_AVAILABILITY = YES_AGGRESSIVE;
				CLANG_WARN_UNREACHABLE_CODE = YES;
				CLANG_WARN__DUPLICATE_METHOD_MATCH = YES;
				COPY_PHASE_STRIP = NO;
				DEBUG_INFORMATION_FORMAT = "dwarf-with-dsym";
				ENABLE_NS_ASSERTIONS = NO;
				ENABLE_STRICT_OBJC_MSGSEND = YES;
				GCC_C_LANGUAGE_STANDARD = gnu11;
				GCC_NO_COMMON_BLOCKS = YES;
				GCC_WARN_64_TO_32_BIT_CONVERSION = YES;
				GCC_WARN_ABOUT_RETURN_TYPE = YES_ERROR;
				GCC_WARN_UNDECLARED_SELECTOR = YES;
				GCC_WARN_UNINITIALIZED_AUTOS = YES_AGGRESSIVE;
				GCC_WARN_UNUSED_FUNCTION = YES;
				GCC_WARN_UNUSED_VARIABLE = YES;
				IPHONEOS_DEPLOYMENT_TARGET = 15.0;
				MTL_ENABLE_DEBUG_INFO = NO;
				MTL_FAST_MATH = YES;
				SDKROOT = iphoneos;
				SWIFT_COMPILATION_MODE = wholemodule;
				SWIFT_OPTIMIZATION_LEVEL = "-O";
				VALIDATE_PRODUCT = YES;
			};
			name = Release;
		};
		F1BEA19F275674AC00AB4C9E /* Debug */ = {
			isa = XCBuildConfiguration;
			buildSettings = {
				ASSETCATALOG_COMPILER_APPICON_NAME = AppIcon;
				ASSETCATALOG_COMPILER_GLOBAL_ACCENT_COLOR_NAME = AccentColor;
				CODE_SIGN_STYLE = Automatic;
				CURRENT_PROJECT_VERSION = 1.0.0;
				DEVELOPMENT_TEAM = 3U34V92LTL;
				GENERATE_INFOPLIST_FILE = YES;
				INFOPLIST_FILE = Application/Resource/Info.plist;
				INFOPLIST_KEY_UIApplicationSupportsIndirectInputEvents = YES;
				INFOPLIST_KEY_UILaunchStoryboardName = LaunchScreen;
				INFOPLIST_KEY_UIMainStoryboardFile = Main;
				INFOPLIST_KEY_UISupportedInterfaceOrientations_iPad = "UIInterfaceOrientationPortrait UIInterfaceOrientationPortraitUpsideDown UIInterfaceOrientationLandscapeLeft UIInterfaceOrientationLandscapeRight";
				INFOPLIST_KEY_UISupportedInterfaceOrientations_iPhone = "UIInterfaceOrientationPortrait UIInterfaceOrientationLandscapeLeft UIInterfaceOrientationLandscapeRight";
				LD_RUNPATH_SEARCH_PATHS = (
					"$(inherited)",
					"@executable_path/Frameworks",
				);
				MARKETING_VERSION = 1.0.0;
				PRODUCT_BUNDLE_IDENTIFIER = com.dream.ds.bluetooth.example;
				PRODUCT_NAME = "$(TARGET_NAME)";
				SWIFT_EMIT_LOC_STRINGS = YES;
				SWIFT_VERSION = 5.0;
				TARGETED_DEVICE_FAMILY = "1,2";
			};
			name = Debug;
		};
		F1BEA1A0275674AC00AB4C9E /* Release */ = {
			isa = XCBuildConfiguration;
			buildSettings = {
				ASSETCATALOG_COMPILER_APPICON_NAME = AppIcon;
				ASSETCATALOG_COMPILER_GLOBAL_ACCENT_COLOR_NAME = AccentColor;
				CODE_SIGN_STYLE = Automatic;
				CURRENT_PROJECT_VERSION = 1.0.0;
				DEVELOPMENT_TEAM = 3U34V92LTL;
				GENERATE_INFOPLIST_FILE = YES;
				INFOPLIST_FILE = Application/Resource/Info.plist;
				INFOPLIST_KEY_UIApplicationSupportsIndirectInputEvents = YES;
				INFOPLIST_KEY_UILaunchStoryboardName = LaunchScreen;
				INFOPLIST_KEY_UIMainStoryboardFile = Main;
				INFOPLIST_KEY_UISupportedInterfaceOrientations_iPad = "UIInterfaceOrientationPortrait UIInterfaceOrientationPortraitUpsideDown UIInterfaceOrientationLandscapeLeft UIInterfaceOrientationLandscapeRight";
				INFOPLIST_KEY_UISupportedInterfaceOrientations_iPhone = "UIInterfaceOrientationPortrait UIInterfaceOrientationLandscapeLeft UIInterfaceOrientationLandscapeRight";
				LD_RUNPATH_SEARCH_PATHS = (
					"$(inherited)",
					"@executable_path/Frameworks",
				);
				MARKETING_VERSION = 1.0.0;
				PRODUCT_BUNDLE_IDENTIFIER = com.dream.ds.bluetooth.example;
				PRODUCT_NAME = "$(TARGET_NAME)";
				SWIFT_EMIT_LOC_STRINGS = YES;
				SWIFT_VERSION = 5.0;
				TARGETED_DEVICE_FAMILY = "1,2";
			};
			name = Release;
		};
/* End XCBuildConfiguration section */

/* Begin XCConfigurationList section */
		F1BEA185275674AB00AB4C9E /* Build configuration list for PBXProject "Example" */ = {
			isa = XCConfigurationList;
			buildConfigurations = (
				F1BEA19C275674AC00AB4C9E /* Debug */,
				F1BEA19D275674AC00AB4C9E /* Release */,
			);
			defaultConfigurationIsVisible = 0;
			defaultConfigurationName = Release;
		};
		F1BEA19E275674AC00AB4C9E /* Build configuration list for PBXNativeTarget "Example" */ = {
			isa = XCConfigurationList;
			buildConfigurations = (
				F1BEA19F275674AC00AB4C9E /* Debug */,
				F1BEA1A0275674AC00AB4C9E /* Release */,
			);
			defaultConfigurationIsVisible = 0;
			defaultConfigurationName = Release;
		};
/* End XCConfigurationList section */
	};
	rootObject = F1BEA182275674AB00AB4C9E /* Project object */;
}
